
Microsoft Visual Studio Solution File, Format Version 12.00
# Visual Studio Version 17
VisualStudioVersion = 17.1.32328.378
MinimumVisualStudioVersion = 10.0.40219.1
Project("{FAE04EC0-301F-11D3-BF4B-00C04F79EFBC}") = "AppNexarte", "AppNexarte\AppNexarte.csproj", "{BEB120FB-BB3D-4640-9E1C-02BA86A54E3A}"
EndProject
Global
	GlobalSection(SolutionConfigurationPlatforms) = preSolution
		Debug|Any CPU = Debug|Any CPU
		Release|Any CPU = Release|Any CPU
	EndGlobalSection
	GlobalSection(ProjectConfigurationPlatforms) = postSolution
		{BEB120FB-BB3D-4640-9E1C-02BA86A54E3A}.Debug|Any CPU.ActiveCfg = Debug|Any CPU
		{BEB120FB-BB3D-4640-9E1C-02BA86A54E3A}.Debug|Any CPU.Build.0 = Debug|Any CPU
		{BEB120FB-BB3D-4640-9E1C-02BA86A54E3A}.Release|Any CPU.ActiveCfg = Release|Any CPU
		{BEB120FB-BB3D-4640-9E1C-02BA86A54E3A}.Release|Any CPU.Build.0 = Release|Any CPU
	EndGlobalSection
	GlobalSection(SolutionProperties) = preSolution
		HideSolutionNode = FALSE
	EndGlobalSection
	GlobalSection(ExtensibilityGlobals) = postSolution
		SolutionGuid = {611702A5-0BAA-4D8E-85E0-E8F61581525C}
	EndGlobalSection
EndGlobal
